
Microsoft Visual Studio Solution File, Format Version 12.00
# Visual Studio Version 17
VisualStudioVersion = 17.11.35431.28
MinimumVisualStudioVersion = 10.0.40219.1
Project("{2150E333-8FDC-42A3-9474-1A3956D46DE8}") = "src", "src", "{B6FB6E0C-05A2-40DE-8E0C-81C362A5FC40}"
EndProject
Project("{2150E333-8FDC-42A3-9474-1A3956D46DE8}") = "test", "test", "{0E873F42-1EC9-4D7A-B849-3A2C3FF25747}"
EndProject
Project("{FAE04EC0-301F-11D3-BF4B-00C04F79EFBC}") = "ApartmentBooking.Domain", "ApartmentBooking.Domain\ApartmentBooking.Domain.csproj", "{87FF942F-5A51-4B4C-8A3C-F09ACF00E2EE}"
EndProject
Global
	GlobalSection(SolutionConfigurationPlatforms) = preSolution
		Debug|Any CPU = Debug|Any CPU
		Release|Any CPU = Release|Any CPU
	EndGlobalSection
	GlobalSection(ProjectConfigurationPlatforms) = postSolution
		{87FF942F-5A51-4B4C-8A3C-F09ACF00E2EE}.Debug|Any CPU.ActiveCfg = Debug|Any CPU
		{87FF942F-5A51-4B4C-8A3C-F09ACF00E2EE}.Debug|Any CPU.Build.0 = Debug|Any CPU
		{87FF942F-5A51-4B4C-8A3C-F09ACF00E2EE}.Release|Any CPU.ActiveCfg = Release|Any CPU
		{87FF942F-5A51-4B4C-8A3C-F09ACF00E2EE}.Release|Any CPU.Build.0 = Release|Any CPU
	EndGlobalSection
	GlobalSection(SolutionProperties) = preSolution
		HideSolutionNode = FALSE
	EndGlobalSection
	GlobalSection(NestedProjects) = preSolution
		{87FF942F-5A51-4B4C-8A3C-F09ACF00E2EE} = {B6FB6E0C-05A2-40DE-8E0C-81C362A5FC40}
	EndGlobalSection
	GlobalSection(ExtensibilityGlobals) = postSolution
		SolutionGuid = {B8A44916-453E-4BEC-9D97-1DDBA788764A}
	EndGlobalSection
EndGlobal
